
Microsoft Visual Studio Solution File, Format Version 12.00
# Visual Studio Version 17
VisualStudioVersion = 17.0.32112.339
MinimumVisualStudioVersion = 10.0.40219.1
Project("{FAE04EC0-301F-11D3-BF4B-00C04F79EFBC}") = "Cli", "Samples\Cli\Cli.csproj", "{08056A54-605C-4ACC-ADD7-3DB109298C28}"
EndProject
Project("{9A19103F-16F7-4668-BE54-9A1E7A4F7556}") = "Mbc.Pcs.Net", "Mbc.Pcs.Net\Mbc.Pcs.Net.csproj", "{587644D9-9EF1-4D3D-A3FE-FEE881ECD511}"
EndProject
Project("{2150E333-8FDC-42A3-9474-1A3956D46DE8}") = "Samples", "Samples", "{7FC136A2-182C-44F9-AF35-0AA0013BEB23}"
EndProject
Project("{9A19103F-16F7-4668-BE54-9A1E7A4F7556}") = "Mbc.Pcs.Net.Test", "Mbc.Pcs.Net.Test\Mbc.Pcs.Net.Test.csproj", "{B57D19C5-32C7-4C4C-9A6C-662DF5AAFD5E}"
EndProject
Project("{9A19103F-16F7-4668-BE54-9A1E7A4F7556}") = "Mbc.Pcs.Net.Test.Util", "Mbc.Pcs.Net.Test.Util\Mbc.Pcs.Net.Test.Util.csproj", "{D2C84786-F215-43EF-B1AE-5A8CC7D193A4}"
EndProject
Project("{2150E333-8FDC-42A3-9474-1A3956D46DE8}") = "Build", "Build", "{601F9B25-851D-4A95-8DC9-2866FE1F07C5}"
	ProjectSection(SolutionItems) = preProject
		build.cake = build.cake
		build.ps1 = build.ps1
		Directory.Build.props = Directory.Build.props
		Build\Mbc.CodeAnalysis.ruleset = Build\Mbc.CodeAnalysis.ruleset
		Build\Mbc.Pcs.Net.TwinCat.EventLog.nuspec = Build\Mbc.Pcs.Net.TwinCat.EventLog.nuspec
		Build\stylecop.json = Build\stylecop.json
	EndProjectSection
EndProject
Project("{9A19103F-16F7-4668-BE54-9A1E7A4F7556}") = "Mbc.Ads.Mapper", "Mbc.Ads.Mapper\Mbc.Ads.Mapper.csproj", "{BB178DAD-A07B-4CEE-B8C3-63F3DFB671E3}"
EndProject
Project("{9A19103F-16F7-4668-BE54-9A1E7A4F7556}") = "Mbc.Ads.Mapper.Test", "Mbc.Ads.Mapper.Test\Mbc.Ads.Mapper.Test.csproj", "{F5B71575-EE54-4DAB-A353-A831894D2AE9}"
EndProject
Project("{9A19103F-16F7-4668-BE54-9A1E7A4F7556}") = "Mbc.Ads.Utils", "Mbc.Ads.Utils\Mbc.Ads.Utils.csproj", "{61521D27-8FA4-4BBE-800C-7AF5F72B7994}"
EndProject
Project("{9A19103F-16F7-4668-BE54-9A1E7A4F7556}") = "Mbc.Ads.Utils.Test", "Mbc.Ads.Utils.Test\Mbc.Ads.Utils.Test.csproj", "{206857C7-8674-42C6-8606-66650AA6C0EC}"
EndProject
Project("{2150E333-8FDC-42A3-9474-1A3956D46DE8}") = "Solution Items", "Solution Items", "{738812BE-0EF1-41A6-BB06-09B12538559E}"
	ProjectSection(SolutionItems) = preProject
		.editorconfig = .editorconfig
		NuGet.Config = NuGet.Config
	EndProjectSection
EndProject
Project("{9A19103F-16F7-4668-BE54-9A1E7A4F7556}") = "Mbc.Pcs.Net.Alarm", "Mbc.Pcs.Net.Alarm\Mbc.Pcs.Net.Alarm.csproj", "{18C5491A-FB62-4B5F-A047-3EA9C3143F60}"
EndProject
Project("{9A19103F-16F7-4668-BE54-9A1E7A4F7556}") = "Mbc.Pcs.Net.Alarm.Test", "Mbc.Pcs.Net.Alarm.Test\Mbc.Pcs.Net.Alarm.Test.csproj", "{4E2A5157-5A62-43D6-A3FB-DC01053E4CF0}"
EndProject
Project("{9A19103F-16F7-4668-BE54-9A1E7A4F7556}") = "Mbc.Pcs.Net.Alarm.Mediator", "Mbc.Pcs.Net.Alarm.Mediator\Mbc.Pcs.Net.Alarm.Mediator.csproj", "{4464DAFD-EC70-4338-9DFE-7ECF75915244}"
EndProject
Project("{9A19103F-16F7-4668-BE54-9A1E7A4F7556}") = "Mbc.Pcs.Net.Alarm.Service", "Mbc.Pcs.Net.Alarm.Service\Mbc.Pcs.Net.Alarm.Service.csproj", "{941B0BDA-CB98-4AD3-AD8F-B5995F3AC5CD}"
EndProject
Project("{9A19103F-16F7-4668-BE54-9A1E7A4F7556}") = "Mbc.Pcs.Net.Alarm.Service.Test", "Mbc.Pcs.Net.Alarm.Service.Test\Mbc.Pcs.Net.Alarm.Service.Test.csproj", "{D5E5FF98-62C5-4231-B8B0-95F4A12FC033}"
EndProject
Project("{9A19103F-16F7-4668-BE54-9A1E7A4F7556}") = "Mbc.Pcs.Net.Command", "Mbc.Pcs.Net.Command\Mbc.Pcs.Net.Command.csproj", "{66567C2D-0CF5-480A-BA9E-FDE6E8F5E4EE}"
EndProject
Project("{9A19103F-16F7-4668-BE54-9A1E7A4F7556}") = "Mbc.Pcs.Net.Command.Test", "Mbc.Pcs.Net.Command.Test\Mbc.Pcs.Net.Command.Test.csproj", "{DCD8BB64-82B9-4D75-A5B6-FFAB83EC9A59}"
EndProject
Project("{FAE04EC0-301F-11D3-BF4B-00C04F79EFBC}") = "Profiling", "Profiling\Profiling.csproj", "{6718F565-F3E0-4F0A-8A0B-FE85F9355E10}"
EndProject
Project("{9A19103F-16F7-4668-BE54-9A1E7A4F7556}") = "AdsMapperCli", "AdsMapperCli\AdsMapperCli.csproj", "{6C610A13-BD3D-4B55-A134-E5D5416B8569}"
EndProject
Project("{9A19103F-16F7-4668-BE54-9A1E7A4F7556}") = "Mbc.Ads.Helper.ReadType", "Mbc.Ads.Helper.ReadType\Mbc.Ads.Helper.ReadType.csproj", "{C1F08399-B1F2-4691-B483-DCEE779DD0D9}"
EndProject
Global
	GlobalSection(SolutionConfigurationPlatforms) = preSolution
		Debug|Any CPU = Debug|Any CPU
		Release|Any CPU = Release|Any CPU
	EndGlobalSection
	GlobalSection(ProjectConfigurationPlatforms) = postSolution
		{08056A54-605C-4ACC-ADD7-3DB109298C28}.Debug|Any CPU.ActiveCfg = Debug|Any CPU
		{08056A54-605C-4ACC-ADD7-3DB109298C28}.Debug|Any CPU.Build.0 = Debug|Any CPU
		{08056A54-605C-4ACC-ADD7-3DB109298C28}.Release|Any CPU.ActiveCfg = Release|Any CPU
		{587644D9-9EF1-4D3D-A3FE-FEE881ECD511}.Debug|Any CPU.ActiveCfg = Debug|Any CPU
		{587644D9-9EF1-4D3D-A3FE-FEE881ECD511}.Debug|Any CPU.Build.0 = Debug|Any CPU
		{587644D9-9EF1-4D3D-A3FE-FEE881ECD511}.Release|Any CPU.ActiveCfg = Release|Any CPU
		{587644D9-9EF1-4D3D-A3FE-FEE881ECD511}.Release|Any CPU.Build.0 = Release|Any CPU
		{B57D19C5-32C7-4C4C-9A6C-662DF5AAFD5E}.Debug|Any CPU.ActiveCfg = Debug|Any CPU
		{B57D19C5-32C7-4C4C-9A6C-662DF5AAFD5E}.Debug|Any CPU.Build.0 = Debug|Any CPU
		{B57D19C5-32C7-4C4C-9A6C-662DF5AAFD5E}.Release|Any CPU.ActiveCfg = Release|Any CPU
		{B57D19C5-32C7-4C4C-9A6C-662DF5AAFD5E}.Release|Any CPU.Build.0 = Release|Any CPU
		{D2C84786-F215-43EF-B1AE-5A8CC7D193A4}.Debug|Any CPU.ActiveCfg = Debug|Any CPU
		{D2C84786-F215-43EF-B1AE-5A8CC7D193A4}.Debug|Any CPU.Build.0 = Debug|Any CPU
		{D2C84786-F215-43EF-B1AE-5A8CC7D193A4}.Release|Any CPU.ActiveCfg = Release|Any CPU
		{D2C84786-F215-43EF-B1AE-5A8CC7D193A4}.Release|Any CPU.Build.0 = Release|Any CPU
		{BB178DAD-A07B-4CEE-B8C3-63F3DFB671E3}.Debug|Any CPU.ActiveCfg = Debug|Any CPU
		{BB178DAD-A07B-4CEE-B8C3-63F3DFB671E3}.Debug|Any CPU.Build.0 = Debug|Any CPU
		{BB178DAD-A07B-4CEE-B8C3-63F3DFB671E3}.Release|Any CPU.ActiveCfg = Release|Any CPU
		{BB178DAD-A07B-4CEE-B8C3-63F3DFB671E3}.Release|Any CPU.Build.0 = Release|Any CPU
		{F5B71575-EE54-4DAB-A353-A831894D2AE9}.Debug|Any CPU.ActiveCfg = Debug|Any CPU
		{F5B71575-EE54-4DAB-A353-A831894D2AE9}.Debug|Any CPU.Build.0 = Debug|Any CPU
		{F5B71575-EE54-4DAB-A353-A831894D2AE9}.Release|Any CPU.ActiveCfg = Release|Any CPU
		{F5B71575-EE54-4DAB-A353-A831894D2AE9}.Release|Any CPU.Build.0 = Release|Any CPU
		{61521D27-8FA4-4BBE-800C-7AF5F72B7994}.Debug|Any CPU.ActiveCfg = Debug|Any CPU
		{61521D27-8FA4-4BBE-800C-7AF5F72B7994}.Debug|Any CPU.Build.0 = Debug|Any CPU
		{61521D27-8FA4-4BBE-800C-7AF5F72B7994}.Release|Any CPU.ActiveCfg = Release|Any CPU
		{61521D27-8FA4-4BBE-800C-7AF5F72B7994}.Release|Any CPU.Build.0 = Release|Any CPU
		{206857C7-8674-42C6-8606-66650AA6C0EC}.Debug|Any CPU.ActiveCfg = Debug|Any CPU
		{206857C7-8674-42C6-8606-66650AA6C0EC}.Debug|Any CPU.Build.0 = Debug|Any CPU
		{206857C7-8674-42C6-8606-66650AA6C0EC}.Release|Any CPU.ActiveCfg = Release|Any CPU
		{206857C7-8674-42C6-8606-66650AA6C0EC}.Release|Any CPU.Build.0 = Release|Any CPU
		{18C5491A-FB62-4B5F-A047-3EA9C3143F60}.Debug|Any CPU.ActiveCfg = Debug|Any CPU
		{18C5491A-FB62-4B5F-A047-3EA9C3143F60}.Debug|Any CPU.Build.0 = Debug|Any CPU
		{18C5491A-FB62-4B5F-A047-3EA9C3143F60}.Release|Any CPU.ActiveCfg = Release|Any CPU
		{18C5491A-FB62-4B5F-A047-3EA9C3143F60}.Release|Any CPU.Build.0 = Release|Any CPU
		{4E2A5157-5A62-43D6-A3FB-DC01053E4CF0}.Debug|Any CPU.ActiveCfg = Debug|Any CPU
		{4E2A5157-5A62-43D6-A3FB-DC01053E4CF0}.Debug|Any CPU.Build.0 = Debug|Any CPU
		{4E2A5157-5A62-43D6-A3FB-DC01053E4CF0}.Release|Any CPU.ActiveCfg = Release|Any CPU
		{4E2A5157-5A62-43D6-A3FB-DC01053E4CF0}.Release|Any CPU.Build.0 = Release|Any CPU
		{4464DAFD-EC70-4338-9DFE-7ECF75915244}.Debug|Any CPU.ActiveCfg = Debug|Any CPU
		{4464DAFD-EC70-4338-9DFE-7ECF75915244}.Debug|Any CPU.Build.0 = Debug|Any CPU
		{4464DAFD-EC70-4338-9DFE-7ECF75915244}.Release|Any CPU.ActiveCfg = Release|Any CPU
		{4464DAFD-EC70-4338-9DFE-7ECF75915244}.Release|Any CPU.Build.0 = Release|Any CPU
		{941B0BDA-CB98-4AD3-AD8F-B5995F3AC5CD}.Debug|Any CPU.ActiveCfg = Debug|Any CPU
		{941B0BDA-CB98-4AD3-AD8F-B5995F3AC5CD}.Debug|Any CPU.Build.0 = Debug|Any CPU
		{941B0BDA-CB98-4AD3-AD8F-B5995F3AC5CD}.Release|Any CPU.ActiveCfg = Release|Any CPU
		{941B0BDA-CB98-4AD3-AD8F-B5995F3AC5CD}.Release|Any CPU.Build.0 = Release|Any CPU
		{D5E5FF98-62C5-4231-B8B0-95F4A12FC033}.Debug|Any CPU.ActiveCfg = Debug|Any CPU
		{D5E5FF98-62C5-4231-B8B0-95F4A12FC033}.Debug|Any CPU.Build.0 = Debug|Any CPU
		{D5E5FF98-62C5-4231-B8B0-95F4A12FC033}.Release|Any CPU.ActiveCfg = Release|Any CPU
		{D5E5FF98-62C5-4231-B8B0-95F4A12FC033}.Release|Any CPU.Build.0 = Release|Any CPU
		{66567C2D-0CF5-480A-BA9E-FDE6E8F5E4EE}.Debug|Any CPU.ActiveCfg = Debug|Any CPU
		{66567C2D-0CF5-480A-BA9E-FDE6E8F5E4EE}.Debug|Any CPU.Build.0 = Debug|Any CPU
		{66567C2D-0CF5-480A-BA9E-FDE6E8F5E4EE}.Release|Any CPU.ActiveCfg = Release|Any CPU
		{66567C2D-0CF5-480A-BA9E-FDE6E8F5E4EE}.Release|Any CPU.Build.0 = Release|Any CPU
		{DCD8BB64-82B9-4D75-A5B6-FFAB83EC9A59}.Debug|Any CPU.ActiveCfg = Debug|Any CPU
		{DCD8BB64-82B9-4D75-A5B6-FFAB83EC9A59}.Debug|Any CPU.Build.0 = Debug|Any CPU
		{DCD8BB64-82B9-4D75-A5B6-FFAB83EC9A59}.Release|Any CPU.ActiveCfg = Release|Any CPU
		{DCD8BB64-82B9-4D75-A5B6-FFAB83EC9A59}.Release|Any CPU.Build.0 = Release|Any CPU
		{6718F565-F3E0-4F0A-8A0B-FE85F9355E10}.Debug|Any CPU.ActiveCfg = Debug|Any CPU
		{6718F565-F3E0-4F0A-8A0B-FE85F9355E10}.Debug|Any CPU.Build.0 = Debug|Any CPU
		{6718F565-F3E0-4F0A-8A0B-FE85F9355E10}.Release|Any CPU.ActiveCfg = Release|Any CPU
		{6C610A13-BD3D-4B55-A134-E5D5416B8569}.Debug|Any CPU.ActiveCfg = Debug|Any CPU
		{6C610A13-BD3D-4B55-A134-E5D5416B8569}.Debug|Any CPU.Build.0 = Debug|Any CPU
		{6C610A13-BD3D-4B55-A134-E5D5416B8569}.Release|Any CPU.ActiveCfg = Release|Any CPU
		{6C610A13-BD3D-4B55-A134-E5D5416B8569}.Release|Any CPU.Build.0 = Release|Any CPU
		{C1F08399-B1F2-4691-B483-DCEE779DD0D9}.Debug|Any CPU.ActiveCfg = Debug|Any CPU
		{C1F08399-B1F2-4691-B483-DCEE779DD0D9}.Debug|Any CPU.Build.0 = Debug|Any CPU
		{C1F08399-B1F2-4691-B483-DCEE779DD0D9}.Release|Any CPU.ActiveCfg = Release|Any CPU
		{C1F08399-B1F2-4691-B483-DCEE779DD0D9}.Release|Any CPU.Build.0 = Release|Any CPU
	EndGlobalSection
	GlobalSection(SolutionProperties) = preSolution
		HideSolutionNode = FALSE
	EndGlobalSection
	GlobalSection(NestedProjects) = preSolution
		{08056A54-605C-4ACC-ADD7-3DB109298C28} = {7FC136A2-182C-44F9-AF35-0AA0013BEB23}
		{6718F565-F3E0-4F0A-8A0B-FE85F9355E10} = {7FC136A2-182C-44F9-AF35-0AA0013BEB23}
		{6C610A13-BD3D-4B55-A134-E5D5416B8569} = {7FC136A2-182C-44F9-AF35-0AA0013BEB23}
		{C1F08399-B1F2-4691-B483-DCEE779DD0D9} = {7FC136A2-182C-44F9-AF35-0AA0013BEB23}
	EndGlobalSection
	GlobalSection(ExtensibilityGlobals) = postSolution
		SolutionGuid = {41EBCC31-1BB3-4F43-BB31-8BD9166775A7}
	EndGlobalSection
EndGlobal
