
Microsoft Visual Studio Solution File, Format Version 12.00
# Visual Studio 15
VisualStudioVersion = 15.0.27428.2037
MinimumVisualStudioVersion = 10.0.40219.1
Project("{FAE04EC0-301F-11D3-BF4B-00C04F79EFBC}") = "Cli", "Cli\Cli.csproj", "{08056A54-605C-4ACC-ADD7-3DB109298C28}"
EndProject
Project("{FAE04EC0-301F-11D3-BF4B-00C04F79EFBC}") = "CallAds", "CallAds\CallAds.csproj", "{9E261388-7847-46BD-8D2F-7E928279AB89}"
EndProject
Global
	GlobalSection(SolutionConfigurationPlatforms) = preSolution
		Debug|Any CPU = Debug|Any CPU
		Release|Any CPU = Release|Any CPU
	EndGlobalSection
	GlobalSection(ProjectConfigurationPlatforms) = postSolution
		{08056A54-605C-4ACC-ADD7-3DB109298C28}.Debug|Any CPU.ActiveCfg = Debug|Any CPU
		{08056A54-605C-4ACC-ADD7-3DB109298C28}.Debug|Any CPU.Build.0 = Debug|Any CPU
		{08056A54-605C-4ACC-ADD7-3DB109298C28}.Release|Any CPU.ActiveCfg = Release|Any CPU
		{08056A54-605C-4ACC-ADD7-3DB109298C28}.Release|Any CPU.Build.0 = Release|Any CPU
		{9E261388-7847-46BD-8D2F-7E928279AB89}.Debug|Any CPU.ActiveCfg = Debug|Any CPU
		{9E261388-7847-46BD-8D2F-7E928279AB89}.Debug|Any CPU.Build.0 = Debug|Any CPU
		{9E261388-7847-46BD-8D2F-7E928279AB89}.Release|Any CPU.ActiveCfg = Release|Any CPU
		{9E261388-7847-46BD-8D2F-7E928279AB89}.Release|Any CPU.Build.0 = Release|Any CPU
	EndGlobalSection
	GlobalSection(SolutionProperties) = preSolution
		HideSolutionNode = FALSE
	EndGlobalSection
	GlobalSection(ExtensibilityGlobals) = postSolution
		SolutionGuid = {41EBCC31-1BB3-4F43-BB31-8BD9166775A7}
	EndGlobalSection
EndGlobal
